
Microsoft Visual Studio Solution File, Format Version 12.00
# Visual Studio Version 16
VisualStudioVersion = 16.0.28803.452
MinimumVisualStudioVersion = 10.0.40219.1
Project("{F184B08F-C81C-45F6-A57F-5ABD9991F28F}") = "Better Fullscreen", "Better Fullscreen\Better Fullscreen.vbproj", "{6361C085-6F1B-405F-83A1-DB2675CBD6A0}"
EndProject
Global
	GlobalSection(SolutionConfigurationPlatforms) = preSolution
		Debug|Any CPU = Debug|Any CPU
		Release|Any CPU = Release|Any CPU
	EndGlobalSection
	GlobalSection(ProjectConfigurationPlatforms) = postSolution
		{6361C085-6F1B-405F-83A1-DB2675CBD6A0}.Debug|Any CPU.ActiveCfg = Debug|Any CPU
		{6361C085-6F1B-405F-83A1-DB2675CBD6A0}.Debug|Any CPU.Build.0 = Debug|Any CPU
		{6361C085-6F1B-405F-83A1-DB2675CBD6A0}.Release|Any CPU.ActiveCfg = Release|Any CPU
		{6361C085-6F1B-405F-83A1-DB2675CBD6A0}.Release|Any CPU.Build.0 = Release|Any CPU
	EndGlobalSection
	GlobalSection(SolutionProperties) = preSolution
		HideSolutionNode = FALSE
	EndGlobalSection
	GlobalSection(ExtensibilityGlobals) = postSolution
		SolutionGuid = {7C382F9B-51A9-4B32-A45D-BA3481426CC9}
	EndGlobalSection
EndGlobal
