
Microsoft Visual Studio Solution File, Format Version 12.00
# Visual Studio Version 17
VisualStudioVersion = 17.1.32210.238
MinimumVisualStudioVersion = 10.0.40219.1
Project("{F184B08F-C81C-45F6-A57F-5ABD9991F28F}") = "Better Fullscreen", "Better Fullscreen\Better Fullscreen.vbproj", "{6361C085-6F1B-405F-83A1-DB2675CBD6A0}"
EndProject
Project("{2150E333-8FDC-42A3-9474-1A3956D46DE8}") = "Solution Items", "Solution Items", "{41155632-5023-4478-AEBE-D25E27EF3F87}"
	ProjectSection(SolutionItems) = preProject
		.editorconfig = .editorconfig
	EndProjectSection
EndProject
Project("{F184B08F-C81C-45F6-A57F-5ABD9991F28F}") = "Config Migrator", "Config Migrator\Config Migrator.vbproj", "{932250DC-95D7-49F8-9592-22CB1EAEB5A5}"
EndProject
Global
	GlobalSection(SolutionConfigurationPlatforms) = preSolution
		Debug|Any CPU = Debug|Any CPU
		Debug|arm64 = Debug|arm64
		Debug|x64 = Debug|x64
		Debug|x86 = Debug|x86
		Release|Any CPU = Release|Any CPU
		Release|arm64 = Release|arm64
		Release|x64 = Release|x64
		Release|x86 = Release|x86
	EndGlobalSection
	GlobalSection(ProjectConfigurationPlatforms) = postSolution
		{6361C085-6F1B-405F-83A1-DB2675CBD6A0}.Debug|Any CPU.ActiveCfg = Debug|Any CPU
		{6361C085-6F1B-405F-83A1-DB2675CBD6A0}.Debug|Any CPU.Build.0 = Debug|Any CPU
		{6361C085-6F1B-405F-83A1-DB2675CBD6A0}.Debug|arm64.ActiveCfg = Debug|Any CPU
		{6361C085-6F1B-405F-83A1-DB2675CBD6A0}.Debug|arm64.Build.0 = Debug|Any CPU
		{6361C085-6F1B-405F-83A1-DB2675CBD6A0}.Debug|x64.ActiveCfg = Debug|x64
		{6361C085-6F1B-405F-83A1-DB2675CBD6A0}.Debug|x64.Build.0 = Debug|x64
		{6361C085-6F1B-405F-83A1-DB2675CBD6A0}.Debug|x86.ActiveCfg = Debug|Any CPU
		{6361C085-6F1B-405F-83A1-DB2675CBD6A0}.Debug|x86.Build.0 = Debug|Any CPU
		{6361C085-6F1B-405F-83A1-DB2675CBD6A0}.Release|Any CPU.ActiveCfg = Release|Any CPU
		{6361C085-6F1B-405F-83A1-DB2675CBD6A0}.Release|Any CPU.Build.0 = Release|Any CPU
		{6361C085-6F1B-405F-83A1-DB2675CBD6A0}.Release|arm64.ActiveCfg = Release|Any CPU
		{6361C085-6F1B-405F-83A1-DB2675CBD6A0}.Release|arm64.Build.0 = Release|Any CPU
		{6361C085-6F1B-405F-83A1-DB2675CBD6A0}.Release|x64.ActiveCfg = Release|x64
		{6361C085-6F1B-405F-83A1-DB2675CBD6A0}.Release|x64.Build.0 = Release|x64
		{6361C085-6F1B-405F-83A1-DB2675CBD6A0}.Release|x86.ActiveCfg = Release|Any CPU
		{6361C085-6F1B-405F-83A1-DB2675CBD6A0}.Release|x86.Build.0 = Release|Any CPU
		{932250DC-95D7-49F8-9592-22CB1EAEB5A5}.Debug|Any CPU.ActiveCfg = Debug|Any CPU
		{932250DC-95D7-49F8-9592-22CB1EAEB5A5}.Debug|Any CPU.Build.0 = Debug|Any CPU
		{932250DC-95D7-49F8-9592-22CB1EAEB5A5}.Debug|arm64.ActiveCfg = Debug|Any CPU
		{932250DC-95D7-49F8-9592-22CB1EAEB5A5}.Debug|arm64.Build.0 = Debug|Any CPU
		{932250DC-95D7-49F8-9592-22CB1EAEB5A5}.Debug|x64.ActiveCfg = Debug|x64
		{932250DC-95D7-49F8-9592-22CB1EAEB5A5}.Debug|x64.Build.0 = Debug|x64
		{932250DC-95D7-49F8-9592-22CB1EAEB5A5}.Debug|x86.ActiveCfg = Debug|Any CPU
		{932250DC-95D7-49F8-9592-22CB1EAEB5A5}.Debug|x86.Build.0 = Debug|Any CPU
		{932250DC-95D7-49F8-9592-22CB1EAEB5A5}.Release|Any CPU.ActiveCfg = Release|Any CPU
		{932250DC-95D7-49F8-9592-22CB1EAEB5A5}.Release|Any CPU.Build.0 = Release|Any CPU
		{932250DC-95D7-49F8-9592-22CB1EAEB5A5}.Release|arm64.ActiveCfg = Release|Any CPU
		{932250DC-95D7-49F8-9592-22CB1EAEB5A5}.Release|arm64.Build.0 = Release|Any CPU
		{932250DC-95D7-49F8-9592-22CB1EAEB5A5}.Release|x64.ActiveCfg = Release|x64
		{932250DC-95D7-49F8-9592-22CB1EAEB5A5}.Release|x64.Build.0 = Release|x64
		{932250DC-95D7-49F8-9592-22CB1EAEB5A5}.Release|x86.ActiveCfg = Release|Any CPU
		{932250DC-95D7-49F8-9592-22CB1EAEB5A5}.Release|x86.Build.0 = Release|Any CPU
	EndGlobalSection
	GlobalSection(SolutionProperties) = preSolution
		HideSolutionNode = FALSE
	EndGlobalSection
	GlobalSection(ExtensibilityGlobals) = postSolution
		SolutionGuid = {7C382F9B-51A9-4B32-A45D-BA3481426CC9}
	EndGlobalSection
EndGlobal
